// !$*UTF8*$!
{
	archiveVersion = 1;
	classes = {
	};
	objectVersion = 56;
	objects = {

/* Begin PBXBuildFile section */
		C4B7C6CB29E6BEDB009A2E3A /* GradientBGEffectApp.swift in Sources */ = {isa = PBXBuildFile; fileRef = C4B7C6CA29E6BEDB009A2E3A /* GradientBGEffectApp.swift */; };
		C4B7C6CD29E6BEDB009A2E3A /* ContentView.swift in Sources */ = {isa = PBXBuildFile; fileRef = C4B7C6CC29E6BEDB009A2E3A /* ContentView.swift */; };
		C4B7C6CF29E6BEDC009A2E3A /* Assets.xcassets in Resources */ = {isa = PBXBuildFile; fileRef = C4B7C6CE29E6BEDC009A2E3A /* Assets.xcassets */; };
		C4B7C6D229E6BEDC009A2E3A /* Preview Assets.xcassets in Resources */ = {isa = PBXBuildFile; fileRef = C4B7C6D129E6BEDC009A2E3A /* Preview Assets.xcassets */; };
		C4B7C6DC29E6BEDC009A2E3A /* GradientBGEffectTests.swift in Sources */ = {isa = PBXBuildFile; fileRef = C4B7C6DB29E6BEDC009A2E3A /* GradientBGEffectTests.swift */; };
		C4B7C6E629E6BEDC009A2E3A /* GradientBGEffectUITests.swift in Sources */ = {isa = PBXBuildFile; fileRef = C4B7C6E529E6BEDC009A2E3A /* GradientBGEffectUITests.swift */; };
		C4B7C6E829E6BEDC009A2E3A /* GradientBGEffectUITestsLaunchTests.swift in Sources */ = {isa = PBXBuildFile; fileRef = C4B7C6E729E6BEDC009A2E3A /* GradientBGEffectUITestsLaunchTests.swift */; };
/* End PBXBuildFile section */

/* Begin PBXContainerItemProxy section */
		C4B7C6D829E6BEDC009A2E3A /* PBXContainerItemProxy */ = {
			isa = PBXContainerItemProxy;
			containerPortal = C4B7C6BF29E6BEDB009A2E3A /* Project object */;
			proxyType = 1;
			remoteGlobalIDString = C4B7C6C629E6BEDB009A2E3A;
			remoteInfo = GradientBGEffect;
		};
		C4B7C6E229E6BEDC009A2E3A /* PBXContainerItemProxy */ = {
			isa = PBXContainerItemProxy;
			containerPortal = C4B7C6BF29E6BEDB009A2E3A /* Project object */;
			proxyType = 1;
			remoteGlobalIDString = C4B7C6C629E6BEDB009A2E3A;
			remoteInfo = GradientBGEffect;
		};
/* End PBXContainerItemProxy section */

/* Begin PBXFileReference section */
		C4B7C6C729E6BEDB009A2E3A /* GradientBGEffect.app */ = {isa = PBXFileReference; explicitFileType = wrapper.application; includeInIndex = 0; path = GradientBGEffect.app; sourceTree = BUILT_PRODUCTS_DIR; };
		C4B7C6CA29E6BEDB009A2E3A /* GradientBGEffectApp.swift */ = {isa = PBXFileReference; lastKnownFileType = sourcecode.swift; path = GradientBGEffectApp.swift; sourceTree = "<group>"; };
		C4B7C6CC29E6BEDB009A2E3A /* ContentView.swift */ = {isa = PBXFileReference; lastKnownFileType = sourcecode.swift; path = ContentView.swift; sourceTree = "<group>"; };
		C4B7C6CE29E6BEDC009A2E3A /* Assets.xcassets */ = {isa = PBXFileReference; lastKnownFileType = folder.assetcatalog; path = Assets.xcassets; sourceTree = "<group>"; };
		C4B7C6D129E6BEDC009A2E3A /* Preview Assets.xcassets */ = {isa = PBXFileReference; lastKnownFileType = folder.assetcatalog; path = "Preview Assets.xcassets"; sourceTree = "<group>"; };
		C4B7C6D729E6BEDC009A2E3A /* GradientBGEffectTests.xctest */ = {isa = PBXFileReference; explicitFileType = wrapper.cfbundle; includeInIndex = 0; path = GradientBGEffectTests.xctest; sourceTree = BUILT_PRODUCTS_DIR; };
		C4B7C6DB29E6BEDC009A2E3A /* GradientBGEffectTests.swift */ = {isa = PBXFileReference; lastKnownFileType = sourcecode.swift; path = GradientBGEffectTests.swift; sourceTree = "<group>"; };
		C4B7C6E129E6BEDC009A2E3A /* GradientBGEffectUITests.xctest */ = {isa = PBXFileReference; explicitFileType = wrapper.cfbundle; includeInIndex = 0; path = GradientBGEffectUITests.xctest; sourceTree = BUILT_PRODUCTS_DIR; };
		C4B7C6E529E6BEDC009A2E3A /* GradientBGEffectUITests.swift */ = {isa = PBXFileReference; lastKnownFileType = sourcecode.swift; path = GradientBGEffectUITests.swift; sourceTree = "<group>"; };
		C4B7C6E729E6BEDC009A2E3A /* GradientBGEffectUITestsLaunchTests.swift */ = {isa = PBXFileReference; lastKnownFileType = sourcecode.swift; path = GradientBGEffectUITestsLaunchTests.swift; sourceTree = "<group>"; };
/* End PBXFileReference section */

/* Begin PBXFrameworksBuildPhase section */
		C4B7C6C429E6BEDB009A2E3A /* Frameworks */ = {
			isa = PBXFrameworksBuildPhase;
			buildActionMask = 2147483647;
			files = (
			);
			runOnlyForDeploymentPostprocessing = 0;
		};
		C4B7C6D429E6BEDC009A2E3A /* Frameworks */ = {
			isa = PBXFrameworksBuildPhase;
			buildActionMask = 2147483647;
			files = (
			);
			runOnlyForDeploymentPostprocessing = 0;
		};
		C4B7C6DE29E6BEDC009A2E3A /* Frameworks */ = {
			isa = PBXFrameworksBuildPhase;
			buildActionMask = 2147483647;
			files = (
			);
			runOnlyForDeploymentPostprocessing = 0;
		};
/* End PBXFrameworksBuildPhase section */

/* Begin PBXGroup section */
		C4B7C6BE29E6BEDB009A2E3A = {
			isa = PBXGroup;
			children = (
				C4B7C6C929E6BEDB009A2E3A /* GradientBGEffect */,
				C4B7C6DA29E6BEDC009A2E3A /* GradientBGEffectTests */,
				C4B7C6E429E6BEDC009A2E3A /* GradientBGEffectUITests */,
				C4B7C6C829E6BEDB009A2E3A /* Products */,
			);
			sourceTree = "<group>";
		};
		C4B7C6C829E6BEDB009A2E3A /* Products */ = {
			isa = PBXGroup;
			children = (
				C4B7C6C729E6BEDB009A2E3A /* GradientBGEffect.app */,
				C4B7C6D729E6BEDC009A2E3A /* GradientBGEffectTests.xctest */,
				C4B7C6E129E6BEDC009A2E3A /* GradientBGEffectUITests.xctest */,
			);
			name = Products;
			sourceTree = "<group>";
		};
		C4B7C6C929E6BEDB009A2E3A /* GradientBGEffect */ = {
			isa = PBXGroup;
			children = (
				C4B7C6CA29E6BEDB009A2E3A /* GradientBGEffectApp.swift */,
				C4B7C6CC29E6BEDB009A2E3A /* ContentView.swift */,
				C4B7C6CE29E6BEDC009A2E3A /* Assets.xcassets */,
				C4B7C6D029E6BEDC009A2E3A /* Preview Content */,
			);
			path = GradientBGEffect;
			sourceTree = "<group>";
		};
		C4B7C6D029E6BEDC009A2E3A /* Preview Content */ = {
			isa = PBXGroup;
			children = (
				C4B7C6D129E6BEDC009A2E3A /* Preview Assets.xcassets */,
			);
			path = "Preview Content";
			sourceTree = "<group>";
		};
		C4B7C6DA29E6BEDC009A2E3A /* GradientBGEffectTests */ = {
			isa = PBXGroup;
			children = (
				C4B7C6DB29E6BEDC009A2E3A /* GradientBGEffectTests.swift */,
			);
			path = GradientBGEffectTests;
			sourceTree = "<group>";
		};
		C4B7C6E429E6BEDC009A2E3A /* GradientBGEffectUITests */ = {
			isa = PBXGroup;
			children = (
				C4B7C6E529E6BEDC009A2E3A /* GradientBGEffectUITests.swift */,
				C4B7C6E729E6BEDC009A2E3A /* GradientBGEffectUITestsLaunchTests.swift */,
			);
			path = GradientBGEffectUITests;
			sourceTree = "<group>";
		};
/* End PBXGroup section */

/* Begin PBXNativeTarget section */
		C4B7C6C629E6BEDB009A2E3A /* GradientBGEffect */ = {
			isa = PBXNativeTarget;
			buildConfigurationList = C4B7C6EB29E6BEDC009A2E3A /* Build configuration list for PBXNativeTarget "GradientBGEffect" */;
			buildPhases = (
				C4B7C6C329E6BEDB009A2E3A /* Sources */,
				C4B7C6C429E6BEDB009A2E3A /* Frameworks */,
				C4B7C6C529E6BEDB009A2E3A /* Resources */,
			);
			buildRules = (
			);
			dependencies = (
			);
			name = GradientBGEffect;
			productName = GradientBGEffect;
			productReference = C4B7C6C729E6BEDB009A2E3A /* GradientBGEffect.app */;
			productType = "com.apple.product-type.application";
		};
		C4B7C6D629E6BEDC009A2E3A /* GradientBGEffectTests */ = {
			isa = PBXNativeTarget;
			buildConfigurationList = C4B7C6EE29E6BEDC009A2E3A /* Build configuration list for PBXNativeTarget "GradientBGEffectTests" */;
			buildPhases = (
				C4B7C6D329E6BEDC009A2E3A /* Sources */,
				C4B7C6D429E6BEDC009A2E3A /* Frameworks */,
				C4B7C6D529E6BEDC009A2E3A /* Resources */,
			);
			buildRules = (
			);
			dependencies = (
				C4B7C6D929E6BEDC009A2E3A /* PBXTargetDependency */,
			);
			name = GradientBGEffectTests;
			productName = GradientBGEffectTests;
			productReference = C4B7C6D729E6BEDC009A2E3A /* GradientBGEffectTests.xctest */;
			productType = "com.apple.product-type.bundle.unit-test";
		};
		C4B7C6E029E6BEDC009A2E3A /* GradientBGEffectUITests */ = {
			isa = PBXNativeTarget;
			buildConfigurationList = C4B7C6F129E6BEDC009A2E3A /* Build configuration list for PBXNativeTarget "GradientBGEffectUITests" */;
			buildPhases = (
				C4B7C6DD29E6BEDC009A2E3A /* Sources */,
				C4B7C6DE29E6BEDC009A2E3A /* Frameworks */,
				C4B7C6DF29E6BEDC009A2E3A /* Resources */,
			);
			buildRules = (
			);
			dependencies = (
				C4B7C6E329E6BEDC009A2E3A /* PBXTargetDependency */,
			);
			name = GradientBGEffectUITests;
			productName = GradientBGEffectUITests;
			productReference = C4B7C6E129E6BEDC009A2E3A /* GradientBGEffectUITests.xctest */;
			productType = "com.apple.product-type.bundle.ui-testing";
		};
/* End PBXNativeTarget section */

/* Begin PBXProject section */
		C4B7C6BF29E6BEDB009A2E3A /* Project object */ = {
			isa = PBXProject;
			attributes = {
				BuildIndependentTargetsInParallel = 1;
				LastSwiftUpdateCheck = 1430;
				LastUpgradeCheck = 1430;
				TargetAttributes = {
					C4B7C6C629E6BEDB009A2E3A = {
						CreatedOnToolsVersion = 14.3;
					};
					C4B7C6D629E6BEDC009A2E3A = {
						CreatedOnToolsVersion = 14.3;
						TestTargetID = C4B7C6C629E6BEDB009A2E3A;
					};
					C4B7C6E029E6BEDC009A2E3A = {
						CreatedOnToolsVersion = 14.3;
						TestTargetID = C4B7C6C629E6BEDB009A2E3A;
					};
				};
			};
			buildConfigurationList = C4B7C6C229E6BEDB009A2E3A /* Build configuration list for PBXProject "GradientBGEffect" */;
			compatibilityVersion = "Xcode 14.0";
			developmentRegion = en;
			hasScannedForEncodings = 0;
			knownRegions = (
				en,
				Base,
			);
			mainGroup = C4B7C6BE29E6BEDB009A2E3A;
			productRefGroup = C4B7C6C829E6BEDB009A2E3A /* Products */;
			projectDirPath = "";
			projectRoot = "";
			targets = (
				C4B7C6C629E6BEDB009A2E3A /* GradientBGEffect */,
				C4B7C6D629E6BEDC009A2E3A /* GradientBGEffectTests */,
				C4B7C6E029E6BEDC009A2E3A /* GradientBGEffectUITests */,
			);
		};
/* End PBXProject section */

/* Begin PBXResourcesBuildPhase section */
		C4B7C6C529E6BEDB009A2E3A /* Resources */ = {
			isa = PBXResourcesBuildPhase;
			buildActionMask = 2147483647;
			files = (
				C4B7C6D229E6BEDC009A2E3A /* Preview Assets.xcassets in Resources */,
				C4B7C6CF29E6BEDC009A2E3A /* Assets.xcassets in Resources */,
			);
			runOnlyForDeploymentPostprocessing = 0;
		};
		C4B7C6D529E6BEDC009A2E3A /* Resources */ = {
			isa = PBXResourcesBuildPhase;
			buildActionMask = 2147483647;
			files = (
			);
			runOnlyForDeploymentPostprocessing = 0;
		};
		C4B7C6DF29E6BEDC009A2E3A /* Resources */ = {
			isa = PBXResourcesBuildPhase;
			buildActionMask = 2147483647;
			files = (
			);
			runOnlyForDeploymentPostprocessing = 0;
		};
/* End PBXResourcesBuildPhase section */

/* Begin PBXSourcesBuildPhase section */
		C4B7C6C329E6BEDB009A2E3A /* Sources */ = {
			isa = PBXSourcesBuildPhase;
			buildActionMask = 2147483647;
			files = (
				C4B7C6CD29E6BEDB009A2E3A /* ContentView.swift in Sources */,
				C4B7C6CB29E6BEDB009A2E3A /* GradientBGEffectApp.swift in Sources */,
			);
			runOnlyForDeploymentPostprocessing = 0;
		};
		C4B7C6D329E6BEDC009A2E3A /* Sources */ = {
			isa = PBXSourcesBuildPhase;
			buildActionMask = 2147483647;
			files = (
				C4B7C6DC29E6BEDC009A2E3A /* GradientBGEffectTests.swift in Sources */,
			);
			runOnlyForDeploymentPostprocessing = 0;
		};
		C4B7C6DD29E6BEDC009A2E3A /* Sources */ = {
			isa = PBXSourcesBuildPhase;
			buildActionMask = 2147483647;
			files = (
				C4B7C6E829E6BEDC009A2E3A /* GradientBGEffectUITestsLaunchTests.swift in Sources */,
				C4B7C6E629E6BEDC009A2E3A /* GradientBGEffectUITests.swift in Sources */,
			);
			runOnlyForDeploymentPostprocessing = 0;
		};
/* End PBXSourcesBuildPhase section */

/* Begin PBXTargetDependency section */
		C4B7C6D929E6BEDC009A2E3A /* PBXTargetDependency */ = {
			isa = PBXTargetDependency;
			target = C4B7C6C629E6BEDB009A2E3A /* GradientBGEffect */;
			targetProxy = C4B7C6D829E6BEDC009A2E3A /* PBXContainerItemProxy */;
		};
		C4B7C6E329E6BEDC009A2E3A /* PBXTargetDependency */ = {
			isa = PBXTargetDependency;
			target = C4B7C6C629E6BEDB009A2E3A /* GradientBGEffect */;
			targetProxy = C4B7C6E229E6BEDC009A2E3A /* PBXContainerItemProxy */;
		};
/* End PBXTargetDependency section */

/* Begin XCBuildConfiguration section */
		C4B7C6E929E6BEDC009A2E3A /* Debug */ = {
			isa = XCBuildConfiguration;
			buildSettings = {
				ALWAYS_SEARCH_USER_PATHS = NO;
				CLANG_ANALYZER_NONNULL = YES;
				CLANG_ANALYZER_NUMBER_OBJECT_CONVERSION = YES_AGGRESSIVE;
				CLANG_CXX_LANGUAGE_STANDARD = "gnu++20";
				CLANG_ENABLE_MODULES = YES;
				CLANG_ENABLE_OBJC_ARC = YES;
				CLANG_ENABLE_OBJC_WEAK = YES;
				CLANG_WARN_BLOCK_CAPTURE_AUTORELEASING = YES;
				CLANG_WARN_BOOL_CONVERSION = YES;
				CLANG_WARN_COMMA = YES;
				CLANG_WARN_CONSTANT_CONVERSION = YES;
				CLANG_WARN_DEPRECATED_OBJC_IMPLEMENTATIONS = YES;
				CLANG_WARN_DIRECT_OBJC_ISA_USAGE = YES_ERROR;
				CLANG_WARN_DOCUMENTATION_COMMENTS = YES;
				CLANG_WARN_EMPTY_BODY = YES;
				CLANG_WARN_ENUM_CONVERSION = YES;
				CLANG_WARN_INFINITE_RECURSION = YES;
				CLANG_WARN_INT_CONVERSION = YES;
				CLANG_WARN_NON_LITERAL_NULL_CONVERSION = YES;
				CLANG_WARN_OBJC_IMPLICIT_RETAIN_SELF = YES;
				CLANG_WARN_OBJC_LITERAL_CONVERSION = YES;
				CLANG_WARN_OBJC_ROOT_CLASS = YES_ERROR;
				CLANG_WARN_QUOTED_INCLUDE_IN_FRAMEWORK_HEADER = YES;
				CLANG_WARN_RANGE_LOOP_ANALYSIS = YES;
				CLANG_WARN_STRICT_PROTOTYPES = YES;
				CLANG_WARN_SUSPICIOUS_MOVE = YES;
				CLANG_WARN_UNGUARDED_AVAILABILITY = YES_AGGRESSIVE;
				CLANG_WARN_UNREACHABLE_CODE = YES;
				CLANG_WARN__DUPLICATE_METHOD_MATCH = YES;
				COPY_PHASE_STRIP = NO;
				DEBUG_INFORMATION_FORMAT = dwarf;
				ENABLE_STRICT_OBJC_MSGSEND = YES;
				ENABLE_TESTABILITY = YES;
				GCC_C_LANGUAGE_STANDARD = gnu11;
				GCC_DYNAMIC_NO_PIC = NO;
				GCC_NO_COMMON_BLOCKS = YES;
				GCC_OPTIMIZATION_LEVEL = 0;
				GCC_PREPROCESSOR_DEFINITIONS = (
					"DEBUG=1",
					"$(inherited)",
				);
				GCC_WARN_64_TO_32_BIT_CONVERSION = YES;
				GCC_WARN_ABOUT_RETURN_TYPE = YES_ERROR;
				GCC_WARN_UNDECLARED_SELECTOR = YES;
				GCC_WARN_UNINITIALIZED_AUTOS = YES_AGGRESSIVE;
				GCC_WARN_UNUSED_FUNCTION = YES;
				GCC_WARN_UNUSED_VARIABLE = YES;
				IPHONEOS_DEPLOYMENT_TARGET = 16.4;
				MTL_ENABLE_DEBUG_INFO = INCLUDE_SOURCE;
				MTL_FAST_MATH = YES;
				ONLY_ACTIVE_ARCH = YES;
				SDKROOT = iphoneos;
				SWIFT_ACTIVE_COMPILATION_CONDITIONS = DEBUG;
				SWIFT_OPTIMIZATION_LEVEL = "-Onone";
			};
			name = Debug;
		};
		C4B7C6EA29E6BEDC009A2E3A /* Release */ = {
			isa = XCBuildConfiguration;
			buildSettings = {
				ALWAYS_SEARCH_USER_PATHS = NO;
				CLANG_ANALYZER_NONNULL = YES;
				CLANG_ANALYZER_NUMBER_OBJECT_CONVERSION = YES_AGGRESSIVE;
				CLANG_CXX_LANGUAGE_STANDARD = "gnu++20";
				CLANG_ENABLE_MODULES = YES;
				CLANG_ENABLE_OBJC_ARC = YES;
				CLANG_ENABLE_OBJC_WEAK = YES;
				CLANG_WARN_BLOCK_CAPTURE_AUTORELEASING = YES;
				CLANG_WARN_BOOL_CONVERSION = YES;
				CLANG_WARN_COMMA = YES;
				CLANG_WARN_CONSTANT_CONVERSION = YES;
				CLANG_WARN_DEPRECATED_OBJC_IMPLEMENTATIONS = YES;
				CLANG_WARN_DIRECT_OBJC_ISA_USAGE = YES_ERROR;
				CLANG_WARN_DOCUMENTATION_COMMENTS = YES;
				CLANG_WARN_EMPTY_BODY = YES;
				CLANG_WARN_ENUM_CONVERSION = YES;
				CLANG_WARN_INFINITE_RECURSION = YES;
				CLANG_WARN_INT_CONVERSION = YES;
				CLANG_WARN_NON_LITERAL_NULL_CONVERSION = YES;
				CLANG_WARN_OBJC_IMPLICIT_RETAIN_SELF = YES;
				CLANG_WARN_OBJC_LITERAL_CONVERSION = YES;
				CLANG_WARN_OBJC_ROOT_CLASS = YES_ERROR;
				CLANG_WARN_QUOTED_INCLUDE_IN_FRAMEWORK_HEADER = YES;
				CLANG_WARN_RANGE_LOOP_ANALYSIS = YES;
				CLANG_WARN_STRICT_PROTOTYPES = YES;
				CLANG_WARN_SUSPICIOUS_MOVE = YES;
				CLANG_WARN_UNGUARDED_AVAILABILITY = YES_AGGRESSIVE;
				CLANG_WARN_UNREACHABLE_CODE = YES;
				CLANG_WARN__DUPLICATE_METHOD_MATCH = YES;
				COPY_PHASE_STRIP = NO;
				DEBUG_INFORMATION_FORMAT = "dwarf-with-dsym";
				ENABLE_NS_ASSERTIONS = NO;
				ENABLE_STRICT_OBJC_MSGSEND = YES;
				GCC_C_LANGUAGE_STANDARD = gnu11;
				GCC_NO_COMMON_BLOCKS = YES;
				GCC_WARN_64_TO_32_BIT_CONVERSION = YES;
				GCC_WARN_ABOUT_RETURN_TYPE = YES_ERROR;
				GCC_WARN_UNDECLARED_SELECTOR = YES;
				GCC_WARN_UNINITIALIZED_AUTOS = YES_AGGRESSIVE;
				GCC_WARN_UNUSED_FUNCTION = YES;
				GCC_WARN_UNUSED_VARIABLE = YES;
				IPHONEOS_DEPLOYMENT_TARGET = 16.4;
				MTL_ENABLE_DEBUG_INFO = NO;
				MTL_FAST_MATH = YES;
				SDKROOT = iphoneos;
				SWIFT_COMPILATION_MODE = wholemodule;
				SWIFT_OPTIMIZATION_LEVEL = "-O";
				VALIDATE_PRODUCT = YES;
			};
			name = Release;
		};
		C4B7C6EC29E6BEDC009A2E3A /* Debug */ = {
			isa = XCBuildConfiguration;
			buildSettings = {
				ASSETCATALOG_COMPILER_APPICON_NAME = AppIcon;
				ASSETCATALOG_COMPILER_GLOBAL_ACCENT_COLOR_NAME = AccentColor;
				CODE_SIGN_STYLE = Automatic;
				CURRENT_PROJECT_VERSION = 1;
				DEVELOPMENT_ASSET_PATHS = "\"GradientBGEffect/Preview Content\"";
				DEVELOPMENT_TEAM = 685NK64Q38;
				ENABLE_PREVIEWS = YES;
				GENERATE_INFOPLIST_FILE = YES;
				INFOPLIST_KEY_UIApplicationSceneManifest_Generation = YES;
				INFOPLIST_KEY_UIApplicationSupportsIndirectInputEvents = YES;
				INFOPLIST_KEY_UILaunchScreen_Generation = YES;
				INFOPLIST_KEY_UISupportedInterfaceOrientations_iPad = "UIInterfaceOrientationPortrait UIInterfaceOrientationPortraitUpsideDown UIInterfaceOrientationLandscapeLeft UIInterfaceOrientationLandscapeRight";
				INFOPLIST_KEY_UISupportedInterfaceOrientations_iPhone = "UIInterfaceOrientationPortrait UIInterfaceOrientationLandscapeLeft UIInterfaceOrientationLandscapeRight";
				LD_RUNPATH_SEARCH_PATHS = (
					"$(inherited)",
					"@executable_path/Frameworks",
				);
				MARKETING_VERSION = 1.0;
				PRODUCT_BUNDLE_IDENTIFIER = raul.GradientBGEffect;
				PRODUCT_NAME = "$(TARGET_NAME)";
				SWIFT_EMIT_LOC_STRINGS = YES;
				SWIFT_VERSION = 5.0;
				TARGETED_DEVICE_FAMILY = "1,2";
			};
			name = Debug;
		};
		C4B7C6ED29E6BEDC009A2E3A /* Release */ = {
			isa = XCBuildConfiguration;
			buildSettings = {
				ASSETCATALOG_COMPILER_APPICON_NAME = AppIcon;
				ASSETCATALOG_COMPILER_GLOBAL_ACCENT_COLOR_NAME = AccentColor;
				CODE_SIGN_STYLE = Automatic;
				CURRENT_PROJECT_VERSION = 1;
				DEVELOPMENT_ASSET_PATHS = "\"GradientBGEffect/Preview Content\"";
				DEVELOPMENT_TEAM = 685NK64Q38;
				ENABLE_PREVIEWS = YES;
				GENERATE_INFOPLIST_FILE = YES;
				INFOPLIST_KEY_UIApplicationSceneManifest_Generation = YES;
				INFOPLIST_KEY_UIApplicationSupportsIndirectInputEvents = YES;
				INFOPLIST_KEY_UILaunchScreen_Generation = YES;
				INFOPLIST_KEY_UISupportedInterfaceOrientations_iPad = "UIInterfaceOrientationPortrait UIInterfaceOrientationPortraitUpsideDown UIInterfaceOrientationLandscapeLeft UIInterfaceOrientationLandscapeRight";
				INFOPLIST_KEY_UISupportedInterfaceOrientations_iPhone = "UIInterfaceOrientationPortrait UIInterfaceOrientationLandscapeLeft UIInterfaceOrientationLandscapeRight";
				LD_RUNPATH_SEARCH_PATHS = (
					"$(inherited)",
					"@executable_path/Frameworks",
				);
				MARKETING_VERSION = 1.0;
				PRODUCT_BUNDLE_IDENTIFIER = raul.GradientBGEffect;
				PRODUCT_NAME = "$(TARGET_NAME)";
				SWIFT_EMIT_LOC_STRINGS = YES;
				SWIFT_VERSION = 5.0;
				TARGETED_DEVICE_FAMILY = "1,2";
			};
			name = Release;
		};
		C4B7C6EF29E6BEDC009A2E3A /* Debug */ = {
			isa = XCBuildConfiguration;
			buildSettings = {
				ALWAYS_EMBED_SWIFT_STANDARD_LIBRARIES = YES;
				BUNDLE_LOADER = "$(TEST_HOST)";
				CODE_SIGN_STYLE = Automatic;
				CURRENT_PROJECT_VERSION = 1;
				DEVELOPMENT_TEAM = 685NK64Q38;
				GENERATE_INFOPLIST_FILE = YES;
				IPHONEOS_DEPLOYMENT_TARGET = 16.4;
				MARKETING_VERSION = 1.0;
				PRODUCT_BUNDLE_IDENTIFIER = raul.GradientBGEffectTests;
				PRODUCT_NAME = "$(TARGET_NAME)";
				SWIFT_EMIT_LOC_STRINGS = NO;
				SWIFT_VERSION = 5.0;
				TARGETED_DEVICE_FAMILY = "1,2";
				TEST_HOST = "$(BUILT_PRODUCTS_DIR)/GradientBGEffect.app/$(BUNDLE_EXECUTABLE_FOLDER_PATH)/GradientBGEffect";
			};
			name = Debug;
		};
		C4B7C6F029E6BEDC009A2E3A /* Release */ = {
			isa = XCBuildConfiguration;
			buildSettings = {
				ALWAYS_EMBED_SWIFT_STANDARD_LIBRARIES = YES;
				BUNDLE_LOADER = "$(TEST_HOST)";
				CODE_SIGN_STYLE = Automatic;
				CURRENT_PROJECT_VERSION = 1;
				DEVELOPMENT_TEAM = 685NK64Q38;
				GENERATE_INFOPLIST_FILE = YES;
				IPHONEOS_DEPLOYMENT_TARGET = 16.4;
				MARKETING_VERSION = 1.0;
				PRODUCT_BUNDLE_IDENTIFIER = raul.GradientBGEffectTests;
				PRODUCT_NAME = "$(TARGET_NAME)";
				SWIFT_EMIT_LOC_STRINGS = NO;
				SWIFT_VERSION = 5.0;
				TARGETED_DEVICE_FAMILY = "1,2";
				TEST_HOST = "$(BUILT_PRODUCTS_DIR)/GradientBGEffect.app/$(BUNDLE_EXECUTABLE_FOLDER_PATH)/GradientBGEffect";
			};
			name = Release;
		};
		C4B7C6F229E6BEDC009A2E3A /* Debug */ = {
			isa = XCBuildConfiguration;
			buildSettings = {
				ALWAYS_EMBED_SWIFT_STANDARD_LIBRARIES = YES;
				CODE_SIGN_STYLE = Automatic;
				CURRENT_PROJECT_VERSION = 1;
				DEVELOPMENT_TEAM = 685NK64Q38;
				GENERATE_INFOPLIST_FILE = YES;
				MARKETING_VERSION = 1.0;
				PRODUCT_BUNDLE_IDENTIFIER = raul.GradientBGEffectUITests;
				PRODUCT_NAME = "$(TARGET_NAME)";
				SWIFT_EMIT_LOC_STRINGS = NO;
				SWIFT_VERSION = 5.0;
				TARGETED_DEVICE_FAMILY = "1,2";
				TEST_TARGET_NAME = GradientBGEffect;
			};
			name = Debug;
		};
		C4B7C6F329E6BEDC009A2E3A /* Release */ = {
			isa = XCBuildConfiguration;
			buildSettings = {
				ALWAYS_EMBED_SWIFT_STANDARD_LIBRARIES = YES;
				CODE_SIGN_STYLE = Automatic;
				CURRENT_PROJECT_VERSION = 1;
				DEVELOPMENT_TEAM = 685NK64Q38;
				GENERATE_INFOPLIST_FILE = YES;
				MARKETING_VERSION = 1.0;
				PRODUCT_BUNDLE_IDENTIFIER = raul.GradientBGEffectUITests;
				PRODUCT_NAME = "$(TARGET_NAME)";
				SWIFT_EMIT_LOC_STRINGS = NO;
				SWIFT_VERSION = 5.0;
				TARGETED_DEVICE_FAMILY = "1,2";
				TEST_TARGET_NAME = GradientBGEffect;
			};
			name = Release;
		};
/* End XCBuildConfiguration section */

/* Begin XCConfigurationList section */
		C4B7C6C229E6BEDB009A2E3A /* Build configuration list for PBXProject "GradientBGEffect" */ = {
			isa = XCConfigurationList;
			buildConfigurations = (
				C4B7C6E929E6BEDC009A2E3A /* Debug */,
				C4B7C6EA29E6BEDC009A2E3A /* Release */,
			);
			defaultConfigurationIsVisible = 0;
			defaultConfigurationName = Release;
		};
		C4B7C6EB29E6BEDC009A2E3A /* Build configuration list for PBXNativeTarget "GradientBGEffect" */ = {
			isa = XCConfigurationList;
			buildConfigurations = (
				C4B7C6EC29E6BEDC009A2E3A /* Debug */,
				C4B7C6ED29E6BEDC009A2E3A /* Release */,
			);
			defaultConfigurationIsVisible = 0;
			defaultConfigurationName = Release;
		};
		C4B7C6EE29E6BEDC009A2E3A /* Build configuration list for PBXNativeTarget "GradientBGEffectTests" */ = {
			isa = XCConfigurationList;
			buildConfigurations = (
				C4B7C6EF29E6BEDC009A2E3A /* Debug */,
				C4B7C6F029E6BEDC009A2E3A /* Release */,
			);
			defaultConfigurationIsVisible = 0;
			defaultConfigurationName = Release;
		};
		C4B7C6F129E6BEDC009A2E3A /* Build configuration list for PBXNativeTarget "GradientBGEffectUITests" */ = {
			isa = XCConfigurationList;
			buildConfigurations = (
				C4B7C6F229E6BEDC009A2E3A /* Debug */,
				C4B7C6F329E6BEDC009A2E3A /* Release */,
			);
			defaultConfigurationIsVisible = 0;
			defaultConfigurationName = Release;
		};
/* End XCConfigurationList section */
	};
	rootObject = C4B7C6BF29E6BEDB009A2E3A /* Project object */;
}
